// !$*UTF8*$!
{
	archiveVersion = 1;
	classes = {
	};
	objectVersion = 46;
	objects = {
/* Begin PBXBuildFile section */
		1D3623260D0F684500981E51 /* AppDelegate.m in Sources */ = {isa = PBXBuildFile; fileRef = 1D3623250D0F684500981E51 /* AppDelegate.m */; };
		1D60589B0D05DD56006BFB54 /* main.m in Sources */ = {isa = PBXBuildFile; fileRef = 29B97316FDCFA39411CA2CEA /* main.m */; };
		288765FD0DF74451002DB57D /* CoreGraphics.framework in Frameworks */ = {isa = PBXBuildFile; fileRef = 288765FC0DF74451002DB57D /* CoreGraphics.framework */; };
		301BF552109A68D80062928A /* libCordova.a in Frameworks */ = {isa = PBXBuildFile; fileRef = 301BF535109A57CC0062928A /* libCordova.a */; };
		302D95F114D2391D003F00A1 /* MainViewController.m in Sources */ = {isa = PBXBuildFile; fileRef = 302D95EF14D2391D003F00A1 /* MainViewController.m */; };
		302D95F214D2391D003F00A1 /* MainViewController.xib in Resources */ = {isa = PBXBuildFile; fileRef = 302D95F014D2391D003F00A1 /* MainViewController.xib */; };
		305D5FD1115AB8F900A74A75 /* MobileCoreServices.framework in Frameworks */ = {isa = PBXBuildFile; fileRef = 305D5FD0115AB8F900A74A75 /* MobileCoreServices.framework */; };
		3088BBBD154F3926009F9C59 /* Default-Landscape@2x~ipad.png in Resources */ = {isa = PBXBuildFile; fileRef = 3088BBB7154F3926009F9C59 /* Default-Landscape@2x~ipad.png */; };
		3088BBBE154F3926009F9C59 /* Default-Landscape~ipad.png in Resources */ = {isa = PBXBuildFile; fileRef = 3088BBB8154F3926009F9C59 /* Default-Landscape~ipad.png */; };
		3088BBBF154F3926009F9C59 /* Default-Portrait@2x~ipad.png in Resources */ = {isa = PBXBuildFile; fileRef = 3088BBB9154F3926009F9C59 /* Default-Portrait@2x~ipad.png */; };
		3088BBC0154F3926009F9C59 /* Default-Portrait~ipad.png in Resources */ = {isa = PBXBuildFile; fileRef = 3088BBBA154F3926009F9C59 /* Default-Portrait~ipad.png */; };
		3088BBC1154F3926009F9C59 /* Default@2x~iphone.png in Resources */ = {isa = PBXBuildFile; fileRef = 3088BBBB154F3926009F9C59 /* Default@2x~iphone.png */; };
		3088BBC2154F3926009F9C59 /* Default~iphone.png in Resources */ = {isa = PBXBuildFile; fileRef = 3088BBBC154F3926009F9C59 /* Default~iphone.png */; };
		308D05371370CCF300D202BF /* icon-72.png in Resources */ = {isa = PBXBuildFile; fileRef = 308D052E1370CCF300D202BF /* icon-72.png */; };
		308D05381370CCF300D202BF /* icon.png in Resources */ = {isa = PBXBuildFile; fileRef = 308D052F1370CCF300D202BF /* icon.png */; };
		308D05391370CCF300D202BF /* icon@2x.png in Resources */ = {isa = PBXBuildFile; fileRef = 308D05301370CCF300D202BF /* icon@2x.png */; };
		30B4F30019D5E07200D9F7D8 /* Default-667h.png in Resources */ = {isa = PBXBuildFile; fileRef = 30B4F2FD19D5E07200D9F7D8 /* Default-667h.png */; };
		30B4F30119D5E07200D9F7D8 /* Default-736h.png in Resources */ = {isa = PBXBuildFile; fileRef = 30B4F2FE19D5E07200D9F7D8 /* Default-736h.png */; };
		30B4F30219D5E07200D9F7D8 /* Default-Landscape-736h.png in Resources */ = {isa = PBXBuildFile; fileRef = 30B4F2FF19D5E07200D9F7D8 /* Default-Landscape-736h.png */; };
		30C1856619D5FC0A00212699 /* icon-60@3x.png in Resources */ = {isa = PBXBuildFile; fileRef = 30C1856519D5FC0A00212699 /* icon-60@3x.png */; };
		30FC414916E50CA1004E6F35 /* icon-72@2x.png in Resources */ = {isa = PBXBuildFile; fileRef = 30FC414816E50CA1004E6F35 /* icon-72@2x.png */; };
		5B1594DD16A7569C00FEF299 /* AssetsLibrary.framework in Frameworks */ = {isa = PBXBuildFile; fileRef = 5B1594DC16A7569C00FEF299 /* AssetsLibrary.framework */; };
		7E7966DE1810823500FA85AD /* icon-40.png in Resources */ = {isa = PBXBuildFile; fileRef = 7E7966D41810823500FA85AD /* icon-40.png */; };
		7E7966DF1810823500FA85AD /* icon-40@2x.png in Resources */ = {isa = PBXBuildFile; fileRef = 7E7966D51810823500FA85AD /* icon-40@2x.png */; };
		7E7966E01810823500FA85AD /* icon-50.png in Resources */ = {isa = PBXBuildFile; fileRef = 7E7966D61810823500FA85AD /* icon-50.png */; };
		7E7966E11810823500FA85AD /* icon-50@2x.png in Resources */ = {isa = PBXBuildFile; fileRef = 7E7966D71810823500FA85AD /* icon-50@2x.png */; };
		7E7966E21810823500FA85AD /* icon-60.png in Resources */ = {isa = PBXBuildFile; fileRef = 7E7966D81810823500FA85AD /* icon-60.png */; };
		7E7966E31810823500FA85AD /* icon-60@2x.png in Resources */ = {isa = PBXBuildFile; fileRef = 7E7966D91810823500FA85AD /* icon-60@2x.png */; };
		7E7966E41810823500FA85AD /* icon-76.png in Resources */ = {isa = PBXBuildFile; fileRef = 7E7966DA1810823500FA85AD /* icon-76.png */; };
		7E7966E51810823500FA85AD /* icon-76@2x.png in Resources */ = {isa = PBXBuildFile; fileRef = 7E7966DB1810823500FA85AD /* icon-76@2x.png */; };
		7E7966E61810823500FA85AD /* icon-small.png in Resources */ = {isa = PBXBuildFile; fileRef = 7E7966DC1810823500FA85AD /* icon-small.png */; };
		7E7966E71810823500FA85AD /* icon-small@2x.png in Resources */ = {isa = PBXBuildFile; fileRef = 7E7966DD1810823500FA85AD /* icon-small@2x.png */; };
		D4A0D8761607E02300AEF8BB /* Default-568h@2x~iphone.png in Resources */ = {isa = PBXBuildFile; fileRef = D4A0D8751607E02300AEF8BB /* Default-568h@2x~iphone.png */; };
		BCF3C3C2238A4470A8AE0161 /* GoogleMaps.bundle in Resources */ = {isa = PBXBuildFile; fileRef = D815BB44D73B45EA88D57AE9 /* GoogleMaps.bundle */; };
		5CD64F6B19FB4B958B67008C /* Accelerate.framework in Frameworks */ = {isa = PBXBuildFile; fileRef = BD227B0BD37E4F8EAFE64814 /* Accelerate.framework */; };
		D3895B441DD547AFB0102162 /* AVFoundation.framework in Frameworks */ = {isa = PBXBuildFile; fileRef = 9CF481180AB04B0591D204E3 /* AVFoundation.framework */; };
		FDFB40A54FBF4C97B52DC149 /* CoreBluetooth.framework in Frameworks */ = {isa = PBXBuildFile; fileRef = 868FF8762B9840A2A5342050 /* CoreBluetooth.framework */; };
		FE9B493929554DD781DE89F9 /* CoreData.framework in Frameworks */ = {isa = PBXBuildFile; fileRef = 13338D3BA8F448ECBF35A3CE /* CoreData.framework */; };
		A4C552EFFC9C4DF5B9F5EEC1 /* CoreLocation.framework in Frameworks */ = {isa = PBXBuildFile; fileRef = A41090AF59C34CF6B91FF967 /* CoreLocation.framework */; };
		DEB6F29DFDD84E7FA864E7AC /* CoreText.framework in Frameworks */ = {isa = PBXBuildFile; fileRef = CCCE8364E1614379B5836D63 /* CoreText.framework */; };
		869D073C72AE40A386763281 /* GLKit.framework in Frameworks */ = {isa = PBXBuildFile; fileRef = 42403148E6604CB7B0FD00E7 /* GLKit.framework */; };
		2256D947667341CFBDDCF951 /* ImageIO.framework in Frameworks */ = {isa = PBXBuildFile; fileRef = D2DD3CCC682F43C68D2237B5 /* ImageIO.framework */; };
		D22E6C8CA4B64057B4FB2268 /* libc++.dylib in Frameworks */ = {isa = PBXBuildFile; fileRef = 83CE0FD1FBFB4DF399F77740 /* libc++.dylib */; };
		D6BE3AB2CE3E4CA1B9BA4C78 /* libicucore.dylib in Frameworks */ = {isa = PBXBuildFile; fileRef = 879FA85C0DF84356A345D818 /* libicucore.dylib */; };
		5D9A0E2C27F74719BE9A7A51 /* libz.dylib in Frameworks */ = {isa = PBXBuildFile; fileRef = 51CBABF9149049B1B2226C9B /* libz.dylib */; };
		62181C5FC7344B80B3C38FCC /* OpenGLES.framework in Frameworks */ = {isa = PBXBuildFile; fileRef = 2385854FB02241D0B5569E7C /* OpenGLES.framework */; };
		574E83D65FA942089299AF41 /* QuartzCore.framework in Frameworks */ = {isa = PBXBuildFile; fileRef = 14002352C85A4FC1B1D11711 /* QuartzCore.framework */; };
		4E4D13B2316C4E8C908842C2 /* SystemConfiguration.framework in Frameworks */ = {isa = PBXBuildFile; fileRef = 9C8E9249EF3049A9BFC39F20 /* SystemConfiguration.framework */; };
		F8EDB5F940AF497182120AB6 /* Security.framework in Frameworks */ = {isa = PBXBuildFile; fileRef = F8376911955A485CB10E35F7 /* Security.framework */; };
		2E5FB8FDD58B4BE08BDC12A6 /* GoogleMaps.framework in Frameworks */ = {isa = PBXBuildFile; fileRef = DA7DDDA3671347CEB2AC4BAF /* GoogleMaps.framework */; };
		D5B3C4FFE7E049D89C3D0032 /* Circle.m in Sources */ = {isa = PBXBuildFile; fileRef = B8B45CA1528C4B32A2E4FAF5 /* Circle.m */; };
		2283672C3F6042F487297DB8 /* External.m in Sources */ = {isa = PBXBuildFile; fileRef = 7DD4EEF266124B8480009B49 /* External.m */; };
		05D101A6788D450E884962CD /* Geocoder.m in Sources */ = {isa = PBXBuildFile; fileRef = 47C7AC0337DD4B6D8C4B89C2 /* Geocoder.m */; };
		A6CE9D4346804C45BE8E3E99 /* GoogleMaps.m in Sources */ = {isa = PBXBuildFile; fileRef = 6CD66FACC5EC41059277A1AF /* GoogleMaps.m */; };
		2166E119A53F48F3A379EC29 /* GoogleMapsViewController.m in Sources */ = {isa = PBXBuildFile; fileRef = 80564F92E2804996885E5364 /* GoogleMapsViewController.m */; };
		1F507751B590479BBF20A5A2 /* GroundOverlay.m in Sources */ = {isa = PBXBuildFile; fileRef = 80358423A8A247C5B5CCA815 /* GroundOverlay.m */; };
		8441631C8FBB4308824841B4 /* KmlOverlay.m in Sources */ = {isa = PBXBuildFile; fileRef = F577AD36668A4255875D8AEE /* KmlOverlay.m */; };
		E48ECE932D4649F49EE58EE9 /* Map.m in Sources */ = {isa = PBXBuildFile; fileRef = D6F8C3F5CCC6491C96EB3087 /* Map.m */; };
		AE136700FEFC40FDB8350F2A /* Marker.m in Sources */ = {isa = PBXBuildFile; fileRef = CCC12B5599704A8EAB3497A7 /* Marker.m */; };
		9993F98C7A834CC7834009BF /* PluginUtil.m in Sources */ = {isa = PBXBuildFile; fileRef = E2BF004DDCE44D3A9FA22518 /* PluginUtil.m */; };
		F840A88CDB1B43C382521147 /* Polygon.m in Sources */ = {isa = PBXBuildFile; fileRef = 6D03084044F84737ACB2C5F8 /* Polygon.m */; };
		9E2F06C536A147FDABB1BFA8 /* Polyline.m in Sources */ = {isa = PBXBuildFile; fileRef = B92C4430BF3146CC9219562A /* Polyline.m */; };
		368A644E09C24434AA2BC6A8 /* TBXML.m in Sources */ = {isa = PBXBuildFile; fileRef = 56D869029A3C430F89624155 /* TBXML.m */; };
		E07A310A73C54AAFB590C37E /* TileOverlay.m in Sources */ = {isa = PBXBuildFile; fileRef = 3C5A52E4397A477CB726FDFE /* TileOverlay.m */; };
		0AF2ECC135FD4A80BCA80DBB /* NSData+Base64.m in Sources */ = {isa = PBXBuildFile; fileRef = 248F1E5BEA484AD084892A82 /* NSData+Base64.m */; };
		9F51E65419E0499FA122AD80 /* MyPluginLayer.m in Sources */ = {isa = PBXBuildFile; fileRef = 921B3368076249E9A7B8F20F /* MyPluginLayer.m */; };
		E48664396731497C8923F8C9 /* MyReachability.m in Sources */ = {isa = PBXBuildFile; fileRef = 7A490C8D12D2460F85ED2A9E /* MyReachability.m */; };
		195BCE1A5D4442639E33A6C3 /* MyPluginLayerDebugView.m in Sources */ = {isa = PBXBuildFile; fileRef = C882AA0BFC634E5EB17501DD /* MyPluginLayerDebugView.m */; };
		F6BD8DBAC89B4EEEAAEB6C8B /* MyPluginScrollView.m in Sources */ = {isa = PBXBuildFile; fileRef = 105EB4807B384C84AD28F475 /* MyPluginScrollView.m */; };
/* End PBXBuildFile section */

/* Begin PBXContainerItemProxy section */
		301BF534109A57CC0062928A /* PBXContainerItemProxy */ = {
			isa = PBXContainerItemProxy;
			containerPortal = 301BF52D109A57CC0062928A /* CordovaLib.xcodeproj */;
			proxyType = 2;
			remoteGlobalIDString = D2AAC07E0554694100DB518D;
			remoteInfo = CordovaLib;
		};
		301BF550109A68C00062928A /* PBXContainerItemProxy */ = {
			isa = PBXContainerItemProxy;
			containerPortal = 301BF52D109A57CC0062928A /* CordovaLib.xcodeproj */;
			proxyType = 1;
			remoteGlobalIDString = D2AAC07D0554694100DB518D;
			remoteInfo = CordovaLib;
		};
/* End PBXContainerItemProxy section */

/* Begin PBXFileReference section */
		1D3623240D0F684500981E51 /* AppDelegate.h */ = {isa = PBXFileReference; fileEncoding = 4; lastKnownFileType = sourcecode.c.h; path = AppDelegate.h; sourceTree = "<group>"; };
		1D3623250D0F684500981E51 /* AppDelegate.m */ = {isa = PBXFileReference; fileEncoding = 4; lastKnownFileType = sourcecode.c.objc; path = AppDelegate.m; sourceTree = "<group>"; };
		1D6058910D05DD3D006BFB54 /* IgniteDemo.app */ = {isa = PBXFileReference; explicitFileType = wrapper.application; includeInIndex = 0; path = "IgniteDemo.app"; sourceTree = BUILT_PRODUCTS_DIR; };
		1F766FDD13BBADB100FB74C0 /* en */ = {isa = PBXFileReference; lastKnownFileType = text.plist.strings; name = en; path = Localizable.strings; sourceTree = "<group>"; };
		1F766FE013BBADB100FB74C0 /* es */ = {isa = PBXFileReference; lastKnownFileType = text.plist.strings; name = es; path = Localizable.strings; sourceTree = "<group>"; };
		288765FC0DF74451002DB57D /* CoreGraphics.framework */ = {isa = PBXFileReference; lastKnownFileType = wrapper.framework; name = CoreGraphics.framework; path = System/Library/Frameworks/CoreGraphics.framework; sourceTree = SDKROOT; };
		29B97316FDCFA39411CA2CEA /* main.m */ = {isa = PBXFileReference; fileEncoding = 4; lastKnownFileType = sourcecode.c.objc; path = main.m; sourceTree = "<group>"; };
		301BF52D109A57CC0062928A /* CordovaLib.xcodeproj */ = {isa = PBXFileReference; lastKnownFileType = "wrapper.pb-project"; name = CordovaLib.xcodeproj; path = CordovaLib/CordovaLib.xcodeproj; sourceTree = "<group>"; };
		301BF56E109A69640062928A /* www */ = {isa = PBXFileReference; lastKnownFileType = folder; path = www; sourceTree = SOURCE_ROOT; };
		302D95EE14D2391D003F00A1 /* MainViewController.h */ = {isa = PBXFileReference; fileEncoding = 4; lastKnownFileType = sourcecode.c.h; path = MainViewController.h; sourceTree = "<group>"; };
		302D95EF14D2391D003F00A1 /* MainViewController.m */ = {isa = PBXFileReference; fileEncoding = 4; lastKnownFileType = sourcecode.c.objc; path = MainViewController.m; sourceTree = "<group>"; };
		302D95F014D2391D003F00A1 /* MainViewController.xib */ = {isa = PBXFileReference; fileEncoding = 4; lastKnownFileType = file.xib; path = MainViewController.xib; sourceTree = "<group>"; };
		305D5FD0115AB8F900A74A75 /* MobileCoreServices.framework */ = {isa = PBXFileReference; lastKnownFileType = wrapper.framework; name = MobileCoreServices.framework; path = System/Library/Frameworks/MobileCoreServices.framework; sourceTree = SDKROOT; };
		3088BBB7154F3926009F9C59 /* Default-Landscape@2x~ipad.png */ = {isa = PBXFileReference; lastKnownFileType = image.png; path = "Default-Landscape@2x~ipad.png"; sourceTree = "<group>"; };
		3088BBB8154F3926009F9C59 /* Default-Landscape~ipad.png */ = {isa = PBXFileReference; lastKnownFileType = image.png; path = "Default-Landscape~ipad.png"; sourceTree = "<group>"; };
		3088BBB9154F3926009F9C59 /* Default-Portrait@2x~ipad.png */ = {isa = PBXFileReference; lastKnownFileType = image.png; path = "Default-Portrait@2x~ipad.png"; sourceTree = "<group>"; };
		3088BBBA154F3926009F9C59 /* Default-Portrait~ipad.png */ = {isa = PBXFileReference; lastKnownFileType = image.png; path = "Default-Portrait~ipad.png"; sourceTree = "<group>"; };
		3088BBBB154F3926009F9C59 /* Default@2x~iphone.png */ = {isa = PBXFileReference; lastKnownFileType = image.png; path = "Default@2x~iphone.png"; sourceTree = "<group>"; };
		3088BBBC154F3926009F9C59 /* Default~iphone.png */ = {isa = PBXFileReference; lastKnownFileType = image.png; path = "Default~iphone.png"; sourceTree = "<group>"; };
		308D052E1370CCF300D202BF /* icon-72.png */ = {isa = PBXFileReference; lastKnownFileType = image.png; path = "icon-72.png"; sourceTree = "<group>"; };
		308D052F1370CCF300D202BF /* icon.png */ = {isa = PBXFileReference; lastKnownFileType = image.png; path = icon.png; sourceTree = "<group>"; };
		308D05301370CCF300D202BF /* icon@2x.png */ = {isa = PBXFileReference; lastKnownFileType = image.png; path = "icon@2x.png"; sourceTree = "<group>"; };
		30B4F2FD19D5E07200D9F7D8 /* Default-667h.png */ = {isa = PBXFileReference; lastKnownFileType = image.png; path = "Default-667h.png"; sourceTree = "<group>"; };
		30B4F2FE19D5E07200D9F7D8 /* Default-736h.png */ = {isa = PBXFileReference; lastKnownFileType = image.png; path = "Default-736h.png"; sourceTree = "<group>"; };
		30B4F2FF19D5E07200D9F7D8 /* Default-Landscape-736h.png */ = {isa = PBXFileReference; lastKnownFileType = image.png; path = "Default-Landscape-736h.png"; sourceTree = "<group>"; };
		30C1856519D5FC0A00212699 /* icon-60@3x.png */ = {isa = PBXFileReference; lastKnownFileType = image.png; path = "icon-60@3x.png"; sourceTree = "<group>"; };
		30FC414816E50CA1004E6F35 /* icon-72@2x.png */ = {isa = PBXFileReference; lastKnownFileType = image.png; path = "icon-72@2x.png"; sourceTree = "<group>"; };
		32CA4F630368D1EE00C91783 /* IgniteDemo-Prefix.pch */ = {isa = PBXFileReference; fileEncoding = 4; lastKnownFileType = sourcecode.c.h; path = "IgniteDemo-Prefix.pch"; sourceTree = "<group>"; };
		5B1594DC16A7569C00FEF299 /* AssetsLibrary.framework */ = {isa = PBXFileReference; lastKnownFileType = wrapper.framework; name = AssetsLibrary.framework; path = System/Library/Frameworks/AssetsLibrary.framework; sourceTree = SDKROOT; };
		7E7966D41810823500FA85AD /* icon-40.png */ = {isa = PBXFileReference; lastKnownFileType = image.png; path = "icon-40.png"; sourceTree = "<group>"; };
		7E7966D51810823500FA85AD /* icon-40@2x.png */ = {isa = PBXFileReference; lastKnownFileType = image.png; path = "icon-40@2x.png"; sourceTree = "<group>"; };
		7E7966D61810823500FA85AD /* icon-50.png */ = {isa = PBXFileReference; lastKnownFileType = image.png; path = "icon-50.png"; sourceTree = "<group>"; };
		7E7966D71810823500FA85AD /* icon-50@2x.png */ = {isa = PBXFileReference; lastKnownFileType = image.png; path = "icon-50@2x.png"; sourceTree = "<group>"; };
		7E7966D81810823500FA85AD /* icon-60.png */ = {isa = PBXFileReference; lastKnownFileType = image.png; path = "icon-60.png"; sourceTree = "<group>"; };
		7E7966D91810823500FA85AD /* icon-60@2x.png */ = {isa = PBXFileReference; lastKnownFileType = image.png; path = "icon-60@2x.png"; sourceTree = "<group>"; };
		7E7966DA1810823500FA85AD /* icon-76.png */ = {isa = PBXFileReference; lastKnownFileType = image.png; path = "icon-76.png"; sourceTree = "<group>"; };
		7E7966DB1810823500FA85AD /* icon-76@2x.png */ = {isa = PBXFileReference; lastKnownFileType = image.png; path = "icon-76@2x.png"; sourceTree = "<group>"; };
		7E7966DC1810823500FA85AD /* icon-small.png */ = {isa = PBXFileReference; lastKnownFileType = image.png; path = "icon-small.png"; sourceTree = "<group>"; };
		7E7966DD1810823500FA85AD /* icon-small@2x.png */ = {isa = PBXFileReference; lastKnownFileType = image.png; path = "icon-small@2x.png"; sourceTree = "<group>"; };
		8D1107310486CEB800E47090 /* IgniteDemo-Info.plist */ = {isa = PBXFileReference; fileEncoding = 4; lastKnownFileType = text.plist.xml; name = "IgniteDemo-Info.plist"; path = "../IgniteDemo-Info.plist"; plistStructureDefinitionIdentifier = "com.apple.xcode.plist.structure-definition.iphone.info-plist"; sourceTree = "<group>"; };
		D4A0D8751607E02300AEF8BB /* Default-568h@2x~iphone.png */ = {isa = PBXFileReference; lastKnownFileType = image.png; path = "Default-568h@2x~iphone.png"; sourceTree = "<group>"; };
		EB87FDF21871DA7A0020F90C /* merges */ = {isa = PBXFileReference; lastKnownFileType = folder; name = merges; path = ../../merges; sourceTree = "<group>"; };
		EB87FDF31871DA8E0020F90C /* www */ = {isa = PBXFileReference; lastKnownFileType = folder; name = www; path = ../../www; sourceTree = "<group>"; };
		EB87FDF41871DAF40020F90C /* config.xml */ = {isa = PBXFileReference; lastKnownFileType = text.xml; name = config.xml; path = ../../config.xml; sourceTree = "<group>"; };
		F840E1F0165FE0F500CFE078 /* config.xml */ = {isa = PBXFileReference; lastKnownFileType = text.xml; name = config.xml; path = "IgniteDemo/config.xml"; sourceTree = "<group>"; };
		D815BB44D73B45EA88D57AE9 /* GoogleMaps.bundle */ = {isa = PBXFileReference; lastKnownFileType = "wrapper.plug-in"; name = "GoogleMaps.bundle"; path = "GoogleMaps.bundle"; sourceTree = "<group>"; };
		BD227B0BD37E4F8EAFE64814 /* Accelerate.framework */ = {isa = PBXFileReference; lastKnownFileType = wrapper.framework; name = "Accelerate.framework"; path = "System/Library/Frameworks/Accelerate.framework"; sourceTree = SDKROOT; fileEncoding = 4; };
		9CF481180AB04B0591D204E3 /* AVFoundation.framework */ = {isa = PBXFileReference; lastKnownFileType = wrapper.framework; name = "AVFoundation.framework"; path = "System/Library/Frameworks/AVFoundation.framework"; sourceTree = SDKROOT; fileEncoding = 4; };
		868FF8762B9840A2A5342050 /* CoreBluetooth.framework */ = {isa = PBXFileReference; lastKnownFileType = wrapper.framework; name = "CoreBluetooth.framework"; path = "System/Library/Frameworks/CoreBluetooth.framework"; sourceTree = SDKROOT; fileEncoding = 4; };
		13338D3BA8F448ECBF35A3CE /* CoreData.framework */ = {isa = PBXFileReference; lastKnownFileType = wrapper.framework; name = "CoreData.framework"; path = "System/Library/Frameworks/CoreData.framework"; sourceTree = SDKROOT; fileEncoding = 4; };
		A41090AF59C34CF6B91FF967 /* CoreLocation.framework */ = {isa = PBXFileReference; lastKnownFileType = wrapper.framework; name = "CoreLocation.framework"; path = "System/Library/Frameworks/CoreLocation.framework"; sourceTree = SDKROOT; fileEncoding = 4; };
		CCCE8364E1614379B5836D63 /* CoreText.framework */ = {isa = PBXFileReference; lastKnownFileType = wrapper.framework; name = "CoreText.framework"; path = "System/Library/Frameworks/CoreText.framework"; sourceTree = SDKROOT; fileEncoding = 4; };
		42403148E6604CB7B0FD00E7 /* GLKit.framework */ = {isa = PBXFileReference; lastKnownFileType = wrapper.framework; name = "GLKit.framework"; path = "System/Library/Frameworks/GLKit.framework"; sourceTree = SDKROOT; fileEncoding = 4; };
		D2DD3CCC682F43C68D2237B5 /* ImageIO.framework */ = {isa = PBXFileReference; lastKnownFileType = wrapper.framework; name = "ImageIO.framework"; path = "System/Library/Frameworks/ImageIO.framework"; sourceTree = SDKROOT; fileEncoding = 4; };
		83CE0FD1FBFB4DF399F77740 /* libc++.dylib */ = {isa = PBXFileReference; lastKnownFileType = "compiled.mach-o.dylib"; name = "libc++.dylib"; path = "usr/lib/libc++.dylib"; sourceTree = SDKROOT; fileEncoding = 4; };
		879FA85C0DF84356A345D818 /* libicucore.dylib */ = {isa = PBXFileReference; lastKnownFileType = "compiled.mach-o.dylib"; name = "libicucore.dylib"; path = "usr/lib/libicucore.dylib"; sourceTree = SDKROOT; fileEncoding = 4; };
		51CBABF9149049B1B2226C9B /* libz.dylib */ = {isa = PBXFileReference; lastKnownFileType = "compiled.mach-o.dylib"; name = "libz.dylib"; path = "usr/lib/libz.dylib"; sourceTree = SDKROOT; fileEncoding = 4; };
		2385854FB02241D0B5569E7C /* OpenGLES.framework */ = {isa = PBXFileReference; lastKnownFileType = wrapper.framework; name = "OpenGLES.framework"; path = "System/Library/Frameworks/OpenGLES.framework"; sourceTree = SDKROOT; fileEncoding = 4; };
		14002352C85A4FC1B1D11711 /* QuartzCore.framework */ = {isa = PBXFileReference; lastKnownFileType = wrapper.framework; name = "QuartzCore.framework"; path = "System/Library/Frameworks/QuartzCore.framework"; sourceTree = SDKROOT; fileEncoding = 4; };
		9C8E9249EF3049A9BFC39F20 /* SystemConfiguration.framework */ = {isa = PBXFileReference; lastKnownFileType = wrapper.framework; name = "SystemConfiguration.framework"; path = "System/Library/Frameworks/SystemConfiguration.framework"; sourceTree = SDKROOT; fileEncoding = 4; };
		F8376911955A485CB10E35F7 /* Security.framework */ = {isa = PBXFileReference; lastKnownFileType = wrapper.framework; name = "Security.framework"; path = "System/Library/Frameworks/Security.framework"; sourceTree = SDKROOT; fileEncoding = 4; };
		DA7DDDA3671347CEB2AC4BAF /* GoogleMaps.framework */ = {isa = PBXFileReference; lastKnownFileType = wrapper.framework; name = "GoogleMaps.framework"; path = "IgniteDemo/Plugins/com.googlemaps.ios/GoogleMaps.framework"; sourceTree = "<group>"; };
		B8B45CA1528C4B32A2E4FAF5 /* Circle.m */ = {isa = PBXFileReference; lastKnownFileType = sourcecode.c.objc; name = "Circle.m"; path = "plugin.google.maps/Circle.m"; sourceTree = "<group>"; fileEncoding = 4; };
		7DD4EEF266124B8480009B49 /* External.m */ = {isa = PBXFileReference; lastKnownFileType = sourcecode.c.objc; name = "External.m"; path = "plugin.google.maps/External.m"; sourceTree = "<group>"; fileEncoding = 4; };
		47C7AC0337DD4B6D8C4B89C2 /* Geocoder.m */ = {isa = PBXFileReference; lastKnownFileType = sourcecode.c.objc; name = "Geocoder.m"; path = "plugin.google.maps/Geocoder.m"; sourceTree = "<group>"; fileEncoding = 4; };
		6CD66FACC5EC41059277A1AF /* GoogleMaps.m */ = {isa = PBXFileReference; lastKnownFileType = sourcecode.c.objc; name = "GoogleMaps.m"; path = "plugin.google.maps/GoogleMaps.m"; sourceTree = "<group>"; fileEncoding = 4; };
		80564F92E2804996885E5364 /* GoogleMapsViewController.m */ = {isa = PBXFileReference; lastKnownFileType = sourcecode.c.objc; name = "GoogleMapsViewController.m"; path = "plugin.google.maps/GoogleMapsViewController.m"; sourceTree = "<group>"; fileEncoding = 4; };
		80358423A8A247C5B5CCA815 /* GroundOverlay.m */ = {isa = PBXFileReference; lastKnownFileType = sourcecode.c.objc; name = "GroundOverlay.m"; path = "plugin.google.maps/GroundOverlay.m"; sourceTree = "<group>"; fileEncoding = 4; };
		F577AD36668A4255875D8AEE /* KmlOverlay.m */ = {isa = PBXFileReference; lastKnownFileType = sourcecode.c.objc; name = "KmlOverlay.m"; path = "plugin.google.maps/KmlOverlay.m"; sourceTree = "<group>"; fileEncoding = 4; };
		D6F8C3F5CCC6491C96EB3087 /* Map.m */ = {isa = PBXFileReference; lastKnownFileType = sourcecode.c.objc; name = "Map.m"; path = "plugin.google.maps/Map.m"; sourceTree = "<group>"; fileEncoding = 4; };
		CCC12B5599704A8EAB3497A7 /* Marker.m */ = {isa = PBXFileReference; lastKnownFileType = sourcecode.c.objc; name = "Marker.m"; path = "plugin.google.maps/Marker.m"; sourceTree = "<group>"; fileEncoding = 4; };
		E2BF004DDCE44D3A9FA22518 /* PluginUtil.m */ = {isa = PBXFileReference; lastKnownFileType = sourcecode.c.objc; name = "PluginUtil.m"; path = "plugin.google.maps/PluginUtil.m"; sourceTree = "<group>"; fileEncoding = 4; };
		6D03084044F84737ACB2C5F8 /* Polygon.m */ = {isa = PBXFileReference; lastKnownFileType = sourcecode.c.objc; name = "Polygon.m"; path = "plugin.google.maps/Polygon.m"; sourceTree = "<group>"; fileEncoding = 4; };
		B92C4430BF3146CC9219562A /* Polyline.m */ = {isa = PBXFileReference; lastKnownFileType = sourcecode.c.objc; name = "Polyline.m"; path = "plugin.google.maps/Polyline.m"; sourceTree = "<group>"; fileEncoding = 4; };
		56D869029A3C430F89624155 /* TBXML.m */ = {isa = PBXFileReference; lastKnownFileType = sourcecode.c.objc; name = "TBXML.m"; path = "plugin.google.maps/TBXML.m"; sourceTree = "<group>"; fileEncoding = 4; };
		3C5A52E4397A477CB726FDFE /* TileOverlay.m */ = {isa = PBXFileReference; lastKnownFileType = sourcecode.c.objc; name = "TileOverlay.m"; path = "plugin.google.maps/TileOverlay.m"; sourceTree = "<group>"; fileEncoding = 4; };
		248F1E5BEA484AD084892A82 /* NSData+Base64.m */ = {isa = PBXFileReference; lastKnownFileType = sourcecode.c.objc; name = "NSData+Base64.m"; path = "plugin.google.maps/NSData+Base64.m"; sourceTree = "<group>"; fileEncoding = 4; };
		921B3368076249E9A7B8F20F /* MyPluginLayer.m */ = {isa = PBXFileReference; lastKnownFileType = sourcecode.c.objc; name = "MyPluginLayer.m"; path = "plugin.google.maps/MyPluginLayer.m"; sourceTree = "<group>"; fileEncoding = 4; };
		7A490C8D12D2460F85ED2A9E /* MyReachability.m */ = {isa = PBXFileReference; lastKnownFileType = sourcecode.c.objc; name = "MyReachability.m"; path = "plugin.google.maps/MyReachability.m"; sourceTree = "<group>"; fileEncoding = 4; };
		C882AA0BFC634E5EB17501DD /* MyPluginLayerDebugView.m */ = {isa = PBXFileReference; lastKnownFileType = sourcecode.c.objc; name = "MyPluginLayerDebugView.m"; path = "plugin.google.maps/MyPluginLayerDebugView.m"; sourceTree = "<group>"; fileEncoding = 4; };
		105EB4807B384C84AD28F475 /* MyPluginScrollView.m */ = {isa = PBXFileReference; lastKnownFileType = sourcecode.c.objc; name = "MyPluginScrollView.m"; path = "plugin.google.maps/MyPluginScrollView.m"; sourceTree = "<group>"; fileEncoding = 4; };
		3B389FCF3030447090B25C23 /* Circle.h */ = {isa = PBXFileReference; lastKnownFileType = sourcecode.c.h; name = "Circle.h"; path = "plugin.google.maps/Circle.h"; sourceTree = "<group>"; fileEncoding = 4; };
		7BA2FA62E7914C92A7889DD4 /* External.h */ = {isa = PBXFileReference; lastKnownFileType = sourcecode.c.h; name = "External.h"; path = "plugin.google.maps/External.h"; sourceTree = "<group>"; fileEncoding = 4; };
		09E34D44F4284AB1A16A8271 /* Geocoder.h */ = {isa = PBXFileReference; lastKnownFileType = sourcecode.c.h; name = "Geocoder.h"; path = "plugin.google.maps/Geocoder.h"; sourceTree = "<group>"; fileEncoding = 4; };
		7562E9B16F37467EB80C736D /* GoogleMaps.h */ = {isa = PBXFileReference; lastKnownFileType = sourcecode.c.h; name = "GoogleMaps.h"; path = "plugin.google.maps/GoogleMaps.h"; sourceTree = "<group>"; fileEncoding = 4; };
		86506D24C171461EBD431FD6 /* GoogleMapsViewController.h */ = {isa = PBXFileReference; lastKnownFileType = sourcecode.c.h; name = "GoogleMapsViewController.h"; path = "plugin.google.maps/GoogleMapsViewController.h"; sourceTree = "<group>"; fileEncoding = 4; };
		4284813E3AA74E08BD562FE5 /* GroundOverlay.h */ = {isa = PBXFileReference; lastKnownFileType = sourcecode.c.h; name = "GroundOverlay.h"; path = "plugin.google.maps/GroundOverlay.h"; sourceTree = "<group>"; fileEncoding = 4; };
		6DDE2E833D4F46C0AC961595 /* KmlOverlay.h */ = {isa = PBXFileReference; lastKnownFileType = sourcecode.c.h; name = "KmlOverlay.h"; path = "plugin.google.maps/KmlOverlay.h"; sourceTree = "<group>"; fileEncoding = 4; };
		C5ABCEBDF2154863AA10C436 /* Map.h */ = {isa = PBXFileReference; lastKnownFileType = sourcecode.c.h; name = "Map.h"; path = "plugin.google.maps/Map.h"; sourceTree = "<group>"; fileEncoding = 4; };
		341EB7D3BFF442488DCF7F56 /* Marker.h */ = {isa = PBXFileReference; lastKnownFileType = sourcecode.c.h; name = "Marker.h"; path = "plugin.google.maps/Marker.h"; sourceTree = "<group>"; fileEncoding = 4; };
		0AF75290702D49FA9CECD4D8 /* MyPlgunProtocol.h */ = {isa = PBXFileReference; lastKnownFileType = sourcecode.c.h; name = "MyPlgunProtocol.h"; path = "plugin.google.maps/MyPlgunProtocol.h"; sourceTree = "<group>"; fileEncoding = 4; };
		9ACBC99346DC4EF2AE978591 /* PluginUtil.h */ = {isa = PBXFileReference; lastKnownFileType = sourcecode.c.h; name = "PluginUtil.h"; path = "plugin.google.maps/PluginUtil.h"; sourceTree = "<group>"; fileEncoding = 4; };
		D15FC9DA283F4A309C5D4D5F /* Polygon.h */ = {isa = PBXFileReference; lastKnownFileType = sourcecode.c.h; name = "Polygon.h"; path = "plugin.google.maps/Polygon.h"; sourceTree = "<group>"; fileEncoding = 4; };
		510201F603ED41C6BF1AC773 /* Polyline.h */ = {isa = PBXFileReference; lastKnownFileType = sourcecode.c.h; name = "Polyline.h"; path = "plugin.google.maps/Polyline.h"; sourceTree = "<group>"; fileEncoding = 4; };
		D167B7B66F86470C85EA8EB2 /* TBXML.h */ = {isa = PBXFileReference; lastKnownFileType = sourcecode.c.h; name = "TBXML.h"; path = "plugin.google.maps/TBXML.h"; sourceTree = "<group>"; fileEncoding = 4; };
		F56B39D70CA540FEA8A7A1A9 /* TileOverlay.h */ = {isa = PBXFileReference; lastKnownFileType = sourcecode.c.h; name = "TileOverlay.h"; path = "plugin.google.maps/TileOverlay.h"; sourceTree = "<group>"; fileEncoding = 4; };
		6EB4A40861CD4686B8F1F2C8 /* NSData+Base64.h */ = {isa = PBXFileReference; lastKnownFileType = sourcecode.c.h; name = "NSData+Base64.h"; path = "plugin.google.maps/NSData+Base64.h"; sourceTree = "<group>"; fileEncoding = 4; };
		6EC4DEB451014C96B7D484DE /* NSData+Base64.podspec */ = {isa = PBXFileReference; lastKnownFileType = unknown; name = "NSData+Base64.podspec"; path = "plugin.google.maps/NSData+Base64.podspec"; sourceTree = "<group>"; fileEncoding = 4; };
		F4AC722528E8496386A7A393 /* MyPluginLayer.h */ = {isa = PBXFileReference; lastKnownFileType = sourcecode.c.h; name = "MyPluginLayer.h"; path = "plugin.google.maps/MyPluginLayer.h"; sourceTree = "<group>"; fileEncoding = 4; };
		E53E48A1B6C1411985F138B2 /* MyReachability.h */ = {isa = PBXFileReference; lastKnownFileType = sourcecode.c.h; name = "MyReachability.h"; path = "plugin.google.maps/MyReachability.h"; sourceTree = "<group>"; fileEncoding = 4; };
		218A9499ECB0446090ABAB57 /* MyPluginLayerDebugView.h */ = {isa = PBXFileReference; lastKnownFileType = sourcecode.c.h; name = "MyPluginLayerDebugView.h"; path = "plugin.google.maps/MyPluginLayerDebugView.h"; sourceTree = "<group>"; fileEncoding = 4; };
		5177CBF60790450CA83A2056 /* MyPluginScrollView.h */ = {isa = PBXFileReference; lastKnownFileType = sourcecode.c.h; name = "MyPluginScrollView.h"; path = "plugin.google.maps/MyPluginScrollView.h"; sourceTree = "<group>"; fileEncoding = 4; };
/* End PBXFileReference section */

/* Begin PBXFrameworksBuildPhase section */
		1D60588F0D05DD3D006BFB54 /* Frameworks */ = {
			isa = PBXFrameworksBuildPhase;
			buildActionMask = 2147483647;
			files = (
				5B1594DD16A7569C00FEF299 /* AssetsLibrary.framework in Frameworks */,
				301BF552109A68D80062928A /* libCordova.a in Frameworks */,
				288765FD0DF74451002DB57D /* CoreGraphics.framework in Frameworks */,
				305D5FD1115AB8F900A74A75 /* MobileCoreServices.framework in Frameworks */,
				5CD64F6B19FB4B958B67008C /* Accelerate.framework in Frameworks */,
				D3895B441DD547AFB0102162 /* AVFoundation.framework in Frameworks */,
				FDFB40A54FBF4C97B52DC149 /* CoreBluetooth.framework in Frameworks */,
				FE9B493929554DD781DE89F9 /* CoreData.framework in Frameworks */,
				A4C552EFFC9C4DF5B9F5EEC1 /* CoreLocation.framework in Frameworks */,
				DEB6F29DFDD84E7FA864E7AC /* CoreText.framework in Frameworks */,
				869D073C72AE40A386763281 /* GLKit.framework in Frameworks */,
				2256D947667341CFBDDCF951 /* ImageIO.framework in Frameworks */,
				D22E6C8CA4B64057B4FB2268 /* libc++.dylib in Frameworks */,
				D6BE3AB2CE3E4CA1B9BA4C78 /* libicucore.dylib in Frameworks */,
				5D9A0E2C27F74719BE9A7A51 /* libz.dylib in Frameworks */,
				62181C5FC7344B80B3C38FCC /* OpenGLES.framework in Frameworks */,
				574E83D65FA942089299AF41 /* QuartzCore.framework in Frameworks */,
				4E4D13B2316C4E8C908842C2 /* SystemConfiguration.framework in Frameworks */,
				F8EDB5F940AF497182120AB6 /* Security.framework in Frameworks */,
				2E5FB8FDD58B4BE08BDC12A6 /* GoogleMaps.framework in Frameworks */,
			);
			runOnlyForDeploymentPostprocessing = 0;
		};
/* End PBXFrameworksBuildPhase section */

/* Begin PBXGroup section */
		080E96DDFE201D6D7F000001 /* Classes */ = {
			isa = PBXGroup;
			children = (
				302D95EE14D2391D003F00A1 /* MainViewController.h */,
				302D95EF14D2391D003F00A1 /* MainViewController.m */,
				302D95F014D2391D003F00A1 /* MainViewController.xib */,
				1D3623240D0F684500981E51 /* AppDelegate.h */,
				1D3623250D0F684500981E51 /* AppDelegate.m */,
			);
			name = Classes;
			path = "IgniteDemo/Classes";
			sourceTree = SOURCE_ROOT;
		};
		19C28FACFE9D520D11CA2CBB /* Products */ = {
			isa = PBXGroup;
			children = (
				1D6058910D05DD3D006BFB54 /* IgniteDemo.app */,
			);
			name = Products;
			sourceTree = "<group>";
		};
		29B97314FDCFA39411CA2CEA /* CustomTemplate */ = {
			isa = PBXGroup;
			children = (
				EB87FDF41871DAF40020F90C /* config.xml */,
				EB87FDF31871DA8E0020F90C /* www */,
				EB87FDF21871DA7A0020F90C /* merges */,
				EB87FDF11871DA420020F90C /* Staging */,
				301BF52D109A57CC0062928A /* CordovaLib.xcodeproj */,
				080E96DDFE201D6D7F000001 /* Classes */,
				307C750510C5A3420062BCA9 /* Plugins */,
				29B97315FDCFA39411CA2CEA /* Other Sources */,
				29B97317FDCFA39411CA2CEA /* Resources */,
				29B97323FDCFA39411CA2CEA /* Frameworks */,
				19C28FACFE9D520D11CA2CBB /* Products */,
			);
			name = CustomTemplate;
			sourceTree = "<group>";
		};
		29B97315FDCFA39411CA2CEA /* Other Sources */ = {
			isa = PBXGroup;
			children = (
				32CA4F630368D1EE00C91783 /* IgniteDemo-Prefix.pch */,
				29B97316FDCFA39411CA2CEA /* main.m */,
			);
			name = "Other Sources";
			path = "IgniteDemo";
			sourceTree = "<group>";
		};
		29B97317FDCFA39411CA2CEA /* Resources */ = {
			isa = PBXGroup;
			children = (
				308D052D1370CCF300D202BF /* icons */,
				308D05311370CCF300D202BF /* splash */,
				8D1107310486CEB800E47090 /* IgniteDemo-Info.plist */,
				D815BB44D73B45EA88D57AE9 /* GoogleMaps.bundle */,
			);
			name = Resources;
			path = "IgniteDemo/Resources";
			sourceTree = "<group>";
		};
		29B97323FDCFA39411CA2CEA /* Frameworks */ = {
			isa = PBXGroup;
			children = (
				5B1594DC16A7569C00FEF299 /* AssetsLibrary.framework */,
				288765FC0DF74451002DB57D /* CoreGraphics.framework */,
				305D5FD0115AB8F900A74A75 /* MobileCoreServices.framework */,
				BD227B0BD37E4F8EAFE64814 /* Accelerate.framework */,
				9CF481180AB04B0591D204E3 /* AVFoundation.framework */,
				868FF8762B9840A2A5342050 /* CoreBluetooth.framework */,
				13338D3BA8F448ECBF35A3CE /* CoreData.framework */,
				A41090AF59C34CF6B91FF967 /* CoreLocation.framework */,
				CCCE8364E1614379B5836D63 /* CoreText.framework */,
				42403148E6604CB7B0FD00E7 /* GLKit.framework */,
				D2DD3CCC682F43C68D2237B5 /* ImageIO.framework */,
				83CE0FD1FBFB4DF399F77740 /* libc++.dylib */,
				879FA85C0DF84356A345D818 /* libicucore.dylib */,
				51CBABF9149049B1B2226C9B /* libz.dylib */,
				2385854FB02241D0B5569E7C /* OpenGLES.framework */,
				14002352C85A4FC1B1D11711 /* QuartzCore.framework */,
				9C8E9249EF3049A9BFC39F20 /* SystemConfiguration.framework */,
				F8376911955A485CB10E35F7 /* Security.framework */,
				DA7DDDA3671347CEB2AC4BAF /* GoogleMaps.framework */,
			);
			name = Frameworks;
			sourceTree = "<group>";
		};
		301BF52E109A57CC0062928A /* Products */ = {
			isa = PBXGroup;
			children = (
				301BF535109A57CC0062928A /* libCordova.a */,
			);
			name = Products;
			sourceTree = "<group>";
		};
		307C750510C5A3420062BCA9 /* Plugins */ = {
			isa = PBXGroup;
			children = (
				B8B45CA1528C4B32A2E4FAF5 /* Circle.m */,
				7DD4EEF266124B8480009B49 /* External.m */,
				47C7AC0337DD4B6D8C4B89C2 /* Geocoder.m */,
				6CD66FACC5EC41059277A1AF /* GoogleMaps.m */,
				80564F92E2804996885E5364 /* GoogleMapsViewController.m */,
				80358423A8A247C5B5CCA815 /* GroundOverlay.m */,
				F577AD36668A4255875D8AEE /* KmlOverlay.m */,
				D6F8C3F5CCC6491C96EB3087 /* Map.m */,
				CCC12B5599704A8EAB3497A7 /* Marker.m */,
				E2BF004DDCE44D3A9FA22518 /* PluginUtil.m */,
				6D03084044F84737ACB2C5F8 /* Polygon.m */,
				B92C4430BF3146CC9219562A /* Polyline.m */,
				56D869029A3C430F89624155 /* TBXML.m */,
				3C5A52E4397A477CB726FDFE /* TileOverlay.m */,
				248F1E5BEA484AD084892A82 /* NSData+Base64.m */,
				921B3368076249E9A7B8F20F /* MyPluginLayer.m */,
				7A490C8D12D2460F85ED2A9E /* MyReachability.m */,
				C882AA0BFC634E5EB17501DD /* MyPluginLayerDebugView.m */,
				105EB4807B384C84AD28F475 /* MyPluginScrollView.m */,
				3B389FCF3030447090B25C23 /* Circle.h */,
				7BA2FA62E7914C92A7889DD4 /* External.h */,
				09E34D44F4284AB1A16A8271 /* Geocoder.h */,
				7562E9B16F37467EB80C736D /* GoogleMaps.h */,
				86506D24C171461EBD431FD6 /* GoogleMapsViewController.h */,
				4284813E3AA74E08BD562FE5 /* GroundOverlay.h */,
				6DDE2E833D4F46C0AC961595 /* KmlOverlay.h */,
				C5ABCEBDF2154863AA10C436 /* Map.h */,
				341EB7D3BFF442488DCF7F56 /* Marker.h */,
				0AF75290702D49FA9CECD4D8 /* MyPlgunProtocol.h */,
				9ACBC99346DC4EF2AE978591 /* PluginUtil.h */,
				D15FC9DA283F4A309C5D4D5F /* Polygon.h */,
				510201F603ED41C6BF1AC773 /* Polyline.h */,
				D167B7B66F86470C85EA8EB2 /* TBXML.h */,
				F56B39D70CA540FEA8A7A1A9 /* TileOverlay.h */,
				6EB4A40861CD4686B8F1F2C8 /* NSData+Base64.h */,
				6EC4DEB451014C96B7D484DE /* NSData+Base64.podspec */,
				F4AC722528E8496386A7A393 /* MyPluginLayer.h */,
				E53E48A1B6C1411985F138B2 /* MyReachability.h */,
				218A9499ECB0446090ABAB57 /* MyPluginLayerDebugView.h */,
				5177CBF60790450CA83A2056 /* MyPluginScrollView.h */,
			);
			name = Plugins;
			path = "IgniteDemo/Plugins";
			sourceTree = SOURCE_ROOT;
		};
		308D052D1370CCF300D202BF /* icons */ = {
			isa = PBXGroup;
			children = (
				30C1856519D5FC0A00212699 /* icon-60@3x.png */,
				7E7966D41810823500FA85AD /* icon-40.png */,
				7E7966D51810823500FA85AD /* icon-40@2x.png */,
				7E7966D61810823500FA85AD /* icon-50.png */,
				7E7966D71810823500FA85AD /* icon-50@2x.png */,
				7E7966D81810823500FA85AD /* icon-60.png */,
				7E7966D91810823500FA85AD /* icon-60@2x.png */,
				7E7966DA1810823500FA85AD /* icon-76.png */,
				7E7966DB1810823500FA85AD /* icon-76@2x.png */,
				7E7966DC1810823500FA85AD /* icon-small.png */,
				7E7966DD1810823500FA85AD /* icon-small@2x.png */,
				30FC414816E50CA1004E6F35 /* icon-72@2x.png */,
				308D052E1370CCF300D202BF /* icon-72.png */,
				308D052F1370CCF300D202BF /* icon.png */,
				308D05301370CCF300D202BF /* icon@2x.png */,
			);
			path = icons;
			sourceTree = "<group>";
		};
		308D05311370CCF300D202BF /* splash */ = {
			isa = PBXGroup;
			children = (
				30B4F2FD19D5E07200D9F7D8 /* Default-667h.png */,
				30B4F2FE19D5E07200D9F7D8 /* Default-736h.png */,
				30B4F2FF19D5E07200D9F7D8 /* Default-Landscape-736h.png */,
				D4A0D8751607E02300AEF8BB /* Default-568h@2x~iphone.png */,
				3088BBB7154F3926009F9C59 /* Default-Landscape@2x~ipad.png */,
				3088BBB8154F3926009F9C59 /* Default-Landscape~ipad.png */,
				3088BBB9154F3926009F9C59 /* Default-Portrait@2x~ipad.png */,
				3088BBBA154F3926009F9C59 /* Default-Portrait~ipad.png */,
				3088BBBB154F3926009F9C59 /* Default@2x~iphone.png */,
				3088BBBC154F3926009F9C59 /* Default~iphone.png */,
			);
			path = splash;
			sourceTree = "<group>";
		};
		EB87FDF11871DA420020F90C /* Staging */ = {
			isa = PBXGroup;
			children = (
				F840E1F0165FE0F500CFE078 /* config.xml */,
				301BF56E109A69640062928A /* www */,
			);
			name = Staging;
			sourceTree = "<group>";
		};
/* End PBXGroup section */

/* Begin PBXNativeTarget section */
		1D6058900D05DD3D006BFB54 /* IgniteDemo */ = {
			isa = PBXNativeTarget;
			buildConfigurationList = 1D6058960D05DD3E006BFB54 /* Build configuration list for PBXNativeTarget "IgniteDemo" */;
			buildPhases = (
				304B58A110DAC018002A0835 /* Copy www directory */,
				1D60588D0D05DD3D006BFB54 /* Resources */,
				1D60588E0D05DD3D006BFB54 /* Sources */,
				1D60588F0D05DD3D006BFB54 /* Frameworks */,
			);
			buildRules = (
			);
			dependencies = (
				301BF551109A68C00062928A /* PBXTargetDependency */,
			);
			name = "IgniteDemo";
			productName = "IgniteDemo";
			productReference = 1D6058910D05DD3D006BFB54 /* IgniteDemo.app */;
			productType = "com.apple.product-type.application";
		};
/* End PBXNativeTarget section */

/* Begin PBXProject section */
		29B97313FDCFA39411CA2CEA /* Project object */ = {
			isa = PBXProject;
			attributes = {
				LastUpgradeCheck = 510;
			};
			buildConfigurationList = C01FCF4E08A954540054247B /* Build configuration list for PBXProject "__CLI__" */;
			compatibilityVersion = "Xcode 3.2";
			developmentRegion = English;
			hasScannedForEncodings = 1;
			knownRegions = (
				English,
				Japanese,
				French,
				German,
				en,
				es,
				de,
				se,
			);
			mainGroup = 29B97314FDCFA39411CA2CEA /* CustomTemplate */;
			projectDirPath = "";
			projectReferences = (
				{
					ProductGroup = 301BF52E109A57CC0062928A /* Products */;
					ProjectRef = 301BF52D109A57CC0062928A /* CordovaLib.xcodeproj */;
				},
			);
			projectRoot = "";
			targets = (
				1D6058900D05DD3D006BFB54 /* IgniteDemo */,
			);
		};
/* End PBXProject section */

/* Begin PBXReferenceProxy section */
		301BF535109A57CC0062928A /* libCordova.a */ = {
			isa = PBXReferenceProxy;
			fileType = archive.ar;
			path = libCordova.a;
			remoteRef = 301BF534109A57CC0062928A /* PBXContainerItemProxy */;
			sourceTree = BUILT_PRODUCTS_DIR;
		};
/* End PBXReferenceProxy section */

/* Begin PBXResourcesBuildPhase section */
		1D60588D0D05DD3D006BFB54 /* Resources */ = {
			isa = PBXResourcesBuildPhase;
			buildActionMask = 2147483647;
			files = (
				7E7966E41810823500FA85AD /* icon-76.png in Resources */,
				7E7966DF1810823500FA85AD /* icon-40@2x.png in Resources */,
				308D05371370CCF300D202BF /* icon-72.png in Resources */,
				30B4F30119D5E07200D9F7D8 /* Default-736h.png in Resources */,
				308D05381370CCF300D202BF /* icon.png in Resources */,
				308D05391370CCF300D202BF /* icon@2x.png in Resources */,
				302D95F214D2391D003F00A1 /* MainViewController.xib in Resources */,
				7E7966E01810823500FA85AD /* icon-50.png in Resources */,
				7E7966E31810823500FA85AD /* icon-60@2x.png in Resources */,
				7E7966E61810823500FA85AD /* icon-small.png in Resources */,
				3088BBBD154F3926009F9C59 /* Default-Landscape@2x~ipad.png in Resources */,
				3088BBBE154F3926009F9C59 /* Default-Landscape~ipad.png in Resources */,
				3088BBBF154F3926009F9C59 /* Default-Portrait@2x~ipad.png in Resources */,
				7E7966E71810823500FA85AD /* icon-small@2x.png in Resources */,
				3088BBC0154F3926009F9C59 /* Default-Portrait~ipad.png in Resources */,
				30B4F30019D5E07200D9F7D8 /* Default-667h.png in Resources */,
				7E7966DE1810823500FA85AD /* icon-40.png in Resources */,
				3088BBC1154F3926009F9C59 /* Default@2x~iphone.png in Resources */,
				7E7966E21810823500FA85AD /* icon-60.png in Resources */,
				3088BBC2154F3926009F9C59 /* Default~iphone.png in Resources */,
				D4A0D8761607E02300AEF8BB /* Default-568h@2x~iphone.png in Resources */,
				30B4F30219D5E07200D9F7D8 /* Default-Landscape-736h.png in Resources */,
				30C1856619D5FC0A00212699 /* icon-60@3x.png in Resources */,
				7E7966E11810823500FA85AD /* icon-50@2x.png in Resources */,
				7E7966E51810823500FA85AD /* icon-76@2x.png in Resources */,
				30FC414916E50CA1004E6F35 /* icon-72@2x.png in Resources */,
				BCF3C3C2238A4470A8AE0161 /* GoogleMaps.bundle in Resources */,
			);
			runOnlyForDeploymentPostprocessing = 0;
		};
/* End PBXResourcesBuildPhase section */

/* Begin PBXShellScriptBuildPhase section */
		304B58A110DAC018002A0835 /* Copy www directory */ = {
			isa = PBXShellScriptBuildPhase;
			buildActionMask = 2147483647;
			files = (
			);
			inputPaths = (
			);
			name = "Copy www directory";
			outputPaths = (
			);
			runOnlyForDeploymentPostprocessing = 0;
			shellPath = /bin/sh;
			shellScript = "NODEJS_PATH=/usr/local/bin; NVM_NODE_PATH=~/.nvm/versions/node/`nvm version 2>/dev/null`/bin; N_NODE_PATH=`find /usr/local/n/versions/node/* -maxdepth 0 -type d 2>/dev/null | tail -1`/bin; XCODE_NODE_PATH=`xcode-select --print-path`/usr/share/xcs/Node/bin; PATH=$NODEJS_PATH:$NVM_NODE_PATH:$N_NODE_PATH:$XCODE_NODE_PATH:$PATH && node cordova/lib/copy-www-build-step.js";
			showEnvVarsInLog = 0;
		};
/* End PBXShellScriptBuildPhase section */

/* Begin PBXSourcesBuildPhase section */
		1D60588E0D05DD3D006BFB54 /* Sources */ = {
			isa = PBXSourcesBuildPhase;
			buildActionMask = 2147483647;
			files = (
				1D60589B0D05DD56006BFB54 /* main.m in Sources */,
				1D3623260D0F684500981E51 /* AppDelegate.m in Sources */,
				302D95F114D2391D003F00A1 /* MainViewController.m in Sources */,
				D5B3C4FFE7E049D89C3D0032 /* Circle.m in Sources */,
				2283672C3F6042F487297DB8 /* External.m in Sources */,
				05D101A6788D450E884962CD /* Geocoder.m in Sources */,
				A6CE9D4346804C45BE8E3E99 /* GoogleMaps.m in Sources */,
				2166E119A53F48F3A379EC29 /* GoogleMapsViewController.m in Sources */,
				1F507751B590479BBF20A5A2 /* GroundOverlay.m in Sources */,
				8441631C8FBB4308824841B4 /* KmlOverlay.m in Sources */,
				E48ECE932D4649F49EE58EE9 /* Map.m in Sources */,
				AE136700FEFC40FDB8350F2A /* Marker.m in Sources */,
				9993F98C7A834CC7834009BF /* PluginUtil.m in Sources */,
				F840A88CDB1B43C382521147 /* Polygon.m in Sources */,
				9E2F06C536A147FDABB1BFA8 /* Polyline.m in Sources */,
				368A644E09C24434AA2BC6A8 /* TBXML.m in Sources */,
				E07A310A73C54AAFB590C37E /* TileOverlay.m in Sources */,
				0AF2ECC135FD4A80BCA80DBB /* NSData+Base64.m in Sources */,
				9F51E65419E0499FA122AD80 /* MyPluginLayer.m in Sources */,
				E48664396731497C8923F8C9 /* MyReachability.m in Sources */,
				195BCE1A5D4442639E33A6C3 /* MyPluginLayerDebugView.m in Sources */,
				F6BD8DBAC89B4EEEAAEB6C8B /* MyPluginScrollView.m in Sources */,
			);
			runOnlyForDeploymentPostprocessing = 0;
		};
/* End PBXSourcesBuildPhase section */

/* Begin PBXTargetDependency section */
		301BF551109A68C00062928A /* PBXTargetDependency */ = {
			isa = PBXTargetDependency;
			name = CordovaLib;
			targetProxy = 301BF550109A68C00062928A /* PBXContainerItemProxy */;
		};
/* End PBXTargetDependency section */

/* Begin XCBuildConfiguration section */
		1D6058940D05DD3E006BFB54 /* Debug */ = {
			isa = XCBuildConfiguration;
			buildSettings = {
				ALWAYS_SEARCH_USER_PATHS = NO;
				CLANG_ENABLE_OBJC_ARC = YES;
				COPY_PHASE_STRIP = NO;
				GCC_DYNAMIC_NO_PIC = NO;
				GCC_OPTIMIZATION_LEVEL = 0;
				GCC_PRECOMPILE_PREFIX_HEADER = YES;
				GCC_PREFIX_HEADER = "IgniteDemo/IgniteDemo-Prefix.pch";
				GCC_THUMB_SUPPORT = NO;
				GCC_VERSION = "";
				INFOPLIST_FILE = "IgniteDemo/IgniteDemo-Info.plist";
				IPHONEOS_DEPLOYMENT_TARGET = 6.0;
				OTHER_LDFLAGS = (
					"-weak_framework",
					CoreFoundation,
					"-weak_framework",
					UIKit,
					"-weak_framework",
					AVFoundation,
					"-weak_framework",
					CoreMedia,
					"-weak-lSystem",
					"-ObjC",
				);
				PRODUCT_NAME = "IgniteDemo";
				TARGETED_DEVICE_FAMILY = "1,2";
				FRAMEWORK_SEARCH_PATHS = (
					"$(inherited)",
					"\"IgniteDemo/Plugins/com.googlemaps.ios\"",
				);
			};
			name = Debug;
		};
		1D6058950D05DD3E006BFB54 /* Release */ = {
			isa = XCBuildConfiguration;
			buildSettings = {
				ALWAYS_SEARCH_USER_PATHS = NO;
				CLANG_ENABLE_OBJC_ARC = YES;
				COPY_PHASE_STRIP = YES;
				GCC_PRECOMPILE_PREFIX_HEADER = YES;
				GCC_PREFIX_HEADER = "IgniteDemo/IgniteDemo-Prefix.pch";
				GCC_THUMB_SUPPORT = NO;
				GCC_VERSION = "";
				INFOPLIST_FILE = "IgniteDemo/IgniteDemo-Info.plist";
				IPHONEOS_DEPLOYMENT_TARGET = 6.0;
				OTHER_LDFLAGS = (
					"-weak_framework",
					CoreFoundation,
					"-weak_framework",
					UIKit,
					"-weak_framework",
					AVFoundation,
					"-weak_framework",
					CoreMedia,
					"-weak-lSystem",
					"-ObjC",
				);
				PRODUCT_NAME = "IgniteDemo";
				TARGETED_DEVICE_FAMILY = "1,2";
				FRAMEWORK_SEARCH_PATHS = (
					"$(inherited)",
					"\"IgniteDemo/Plugins/com.googlemaps.ios\"",
				);
			};
			name = Release;
		};
		C01FCF4F08A954540054247B /* Debug */ = {
			isa = XCBuildConfiguration;
			buildSettings = {
				CLANG_ENABLE_OBJC_ARC = YES;
				CLANG_WARN_BOOL_CONVERSION = YES;
				CLANG_WARN_CONSTANT_CONVERSION = YES;
				CLANG_WARN_EMPTY_BODY = YES;
				CLANG_WARN_ENUM_CONVERSION = YES;
				CLANG_WARN_INT_CONVERSION = YES;
				CLANG_WARN__DUPLICATE_METHOD_MATCH = YES;
				"CODE_SIGN_IDENTITY[sdk=iphoneos*]" = "iPhone Developer";
				GCC_C_LANGUAGE_STANDARD = c99;
				GCC_THUMB_SUPPORT = NO;
				GCC_VERSION = "";
				GCC_WARN_ABOUT_RETURN_TYPE = YES;
				GCC_WARN_UNDECLARED_SELECTOR = YES;
				GCC_WARN_UNINITIALIZED_AUTOS = YES;
				GCC_WARN_UNUSED_FUNCTION = YES;
				GCC_WARN_UNUSED_VARIABLE = YES;
				HEADER_SEARCH_PATHS = (
					"\"$(TARGET_BUILD_DIR)/usr/local/lib/include\"",
					"\"$(OBJROOT)/UninstalledProducts/include\"",
					"\"$(BUILT_PRODUCTS_DIR)\"",
				);
				IPHONEOS_DEPLOYMENT_TARGET = 6.0;
				ONLY_ACTIVE_ARCH = YES;
				OTHER_LDFLAGS = (
					"-weak_framework",
					CoreFoundation,
					"-weak_framework",
					UIKit,
					"-weak_framework",
					AVFoundation,
					"-weak_framework",
					CoreMedia,
					"-weak-lSystem",
					"-ObjC",
				);
				SDKROOT = iphoneos;
				SKIP_INSTALL = NO;
				USER_HEADER_SEARCH_PATHS = "";
			};
			name = Debug;
		};
		C01FCF5008A954540054247B /* Release */ = {
			isa = XCBuildConfiguration;
			buildSettings = {
				CLANG_ENABLE_OBJC_ARC = YES;
				CLANG_WARN_BOOL_CONVERSION = YES;
				CLANG_WARN_CONSTANT_CONVERSION = YES;
				CLANG_WARN_EMPTY_BODY = YES;
				CLANG_WARN_ENUM_CONVERSION = YES;
				CLANG_WARN_INT_CONVERSION = YES;
				CLANG_WARN__DUPLICATE_METHOD_MATCH = YES;
				"CODE_SIGN_IDENTITY[sdk=iphoneos*]" = "iPhone Developer";
				GCC_C_LANGUAGE_STANDARD = c99;
				GCC_THUMB_SUPPORT = NO;
				GCC_VERSION = "";
				GCC_WARN_ABOUT_RETURN_TYPE = YES;
				GCC_WARN_UNDECLARED_SELECTOR = YES;
				GCC_WARN_UNINITIALIZED_AUTOS = YES;
				GCC_WARN_UNUSED_FUNCTION = YES;
				GCC_WARN_UNUSED_VARIABLE = YES;
				HEADER_SEARCH_PATHS = (
					"\"$(TARGET_BUILD_DIR)/usr/local/lib/include\"",
					"\"$(OBJROOT)/UninstalledProducts/include\"",
					"\"$(BUILT_PRODUCTS_DIR)\"",
					"\"$(OBJROOT)/UninstalledProducts/$(PLATFORM_NAME)/include\"",
				);
				IPHONEOS_DEPLOYMENT_TARGET = 6.0;
				OTHER_LDFLAGS = (
					"-weak_framework",
					CoreFoundation,
					"-weak_framework",
					UIKit,
					"-weak_framework",
					AVFoundation,
					"-weak_framework",
					CoreMedia,
					"-weak-lSystem",
					"-ObjC",
				);
				SDKROOT = iphoneos;
				SKIP_INSTALL = NO;
				USER_HEADER_SEARCH_PATHS = "";
			};
			name = Release;
		};
/* End XCBuildConfiguration section */

/* Begin XCConfigurationList section */
		1D6058960D05DD3E006BFB54 /* Build configuration list for PBXNativeTarget "IgniteDemo" */ = {
			isa = XCConfigurationList;
			buildConfigurations = (
				1D6058940D05DD3E006BFB54 /* Debug */,
				1D6058950D05DD3E006BFB54 /* Release */,
			);
			defaultConfigurationIsVisible = 0;
			defaultConfigurationName = Release;
		};
		C01FCF4E08A954540054247B /* Build configuration list for PBXProject "__CLI__" */ = {
			isa = XCConfigurationList;
			buildConfigurations = (
				C01FCF4F08A954540054247B /* Debug */,
				C01FCF5008A954540054247B /* Release */,
			);
			defaultConfigurationIsVisible = 0;
			defaultConfigurationName = Release;
		};
/* End XCConfigurationList section */
	};
	rootObject = 29B97313FDCFA39411CA2CEA /* Project object */;
}
